{
  "name": "computerstacks",
  "lockfileVersion": 2,
  "requires": true,
  "packages": {
    "": {
      "devDependencies": {
        "@types/nodemailer": "^6.4.4"
      }
    },
    "node_modules/@types/node": {
      "version": "17.0.24",
      "resolved": "https://registry.npmjs.org/@types/node/-/node-17.0.24.tgz",
      "integrity": "sha512-aveCYRQbgTH9Pssp1voEP7HiuWlD2jW2BO56w+bVrJn04i61yh6mRfoKO6hEYQD9vF+W8Chkwc6j1M36uPkx4g==",
      "dev": true
    },
    "node_modules/@types/nodemailer": {
      "version": "6.4.4",
      "resolved": "https://registry.npmjs.org/@types/nodemailer/-/nodemailer-6.4.4.tgz",
      "integrity": "sha512-Ksw4t7iliXeYGvIQcSIgWQ5BLuC/mljIEbjf615svhZL10PE9t+ei8O9gDaD3FPCasUJn9KTLwz2JFJyiiyuqw==",
      "dev": true,
      "dependencies": {
        "@types/node": "*"
      }
    }
  },
  "dependencies": {
    "@types/node": {
      "version": "17.0.24",
      "resolved": "https://registry.npmjs.org/@types/node/-/node-17.0.24.tgz",
      "integrity": "sha512-aveCYRQbgTH9Pssp1voEP7HiuWlD2jW2BO56w+bVrJn04i61yh6mRfoKO6hEYQD9vF+W8Chkwc6j1M36uPkx4g==",
      "dev": true
    },
    "@types/nodemailer": {
      "version": "6.4.4",
      "resolved": "https://registry.npmjs.org/@types/nodemailer/-/nodemailer-6.4.4.tgz",
      "integrity": "sha512-Ksw4t7iliXeYGvIQcSIgWQ5BLuC/mljIEbjf615svhZL10PE9t+ei8O9gDaD3FPCasUJn9KTLwz2JFJyiiyuqw==",
      "dev": true,
      "requires": {
        "@types/node": "*"
      }
    }
  }
}
